{
  "name": "associative-dependent-logic",
  "version": "0.2.0",
  "lockfileVersion": 3,
  "requires": true,
  "packages": {
    "": {
      "name": "associative-dependent-logic",
      "version": "0.2.0",
      "license": "Unlicense",
      "dependencies": {
        "@linksplatform/protocols-lino": "^0.7.0"
      },
      "devDependencies": {},
      "engines": {
        "node": ">=18.0.0"
      }
    },
    "node_modules/@linksplatform/protocols-lino": {
      "version": "0.7.0",
      "resolved": "https://registry.npmjs.org/@linksplatform/protocols-lino/-/protocols-lino-0.7.0.tgz",
      "integrity": "sha512-81a5QgACH2fRHE1iifc95UvXR4WhVno0xGIW+IgLUVBAAds1zoAvITBgAnwuMFXNvLT9j3GliamxYOQrXFyiOw==",
      "license": "Unlicense"
    }
  }
}
